dependencies:
  espressif/onewire_bus:
    component_hash: c4c781940d8bd988432b47ac3ee68479c69e14e01fdfba0b61365b233a3ba5d6
    dependencies:
    - name: idf
      require: private
      version: '>=5.0'
    source:
      registry_url: https://components.espressif.com/
      type: service
    version: 1.0.2
  idf:
    source:
      type: idf
    version: 5.2.5
direct_dependencies:
- espressif/onewire_bus
- idf
manifest_hash: b0c3ea754708eb0394e19db9b8d055bf9f0e37083c6a4d0db0bfbd6688cf19d5
target: esp32
version: 2.0.0
